
Microsoft Visual Studio Solution File, Format Version 12.00
# Visual Studio 15
VisualStudioVersion = 15.0.28307.421
MinimumVisualStudioVersion = 10.0.40219.1
Project("{8BC9CEB8-8B4A-11D0-8D11-00A0C91BC942}") = "PracticeLab2", "PracticeLab2\PracticeLab2.vcxproj", "{C8695D91-F3C2-4656-B12A-71D45BE625E1}"
EndProject
Global
	GlobalSection(SolutionConfigurationPlatforms) = preSolution
		Debug|x64 = Debug|x64
		Debug|x86 = Debug|x86
		Release|x64 = Release|x64
		Release|x86 = Release|x86
	EndGlobalSection
	GlobalSection(ProjectConfigurationPlatforms) = postSolution
		{C8695D91-F3C2-4656-B12A-71D45BE625E1}.Debug|x64.ActiveCfg = Debug|x64
		{C8695D91-F3C2-4656-B12A-71D45BE625E1}.Debug|x64.Build.0 = Debug|x64
		{C8695D91-F3C2-4656-B12A-71D45BE625E1}.Debug|x86.ActiveCfg = Debug|Win32
		{C8695D91-F3C2-4656-B12A-71D45BE625E1}.Debug|x86.Build.0 = Debug|Win32
		{C8695D91-F3C2-4656-B12A-71D45BE625E1}.Release|x64.ActiveCfg = Release|x64
		{C8695D91-F3C2-4656-B12A-71D45BE625E1}.Release|x64.Build.0 = Release|x64
		{C8695D91-F3C2-4656-B12A-71D45BE625E1}.Release|x86.ActiveCfg = Release|Win32
		{C8695D91-F3C2-4656-B12A-71D45BE625E1}.Release|x86.Build.0 = Release|Win32
	EndGlobalSection
	GlobalSection(SolutionProperties) = preSolution
		HideSolutionNode = FALSE
	EndGlobalSection
	GlobalSection(ExtensibilityGlobals) = postSolution
		SolutionGuid = {C428375C-9B91-47C1-8A38-301333F742F5}
	EndGlobalSection
EndGlobal
